
Microsoft Visual Studio Solution File, Format Version 12.00
# Visual Studio Version 17
VisualStudioVersion = 17.4.33403.182
MinimumVisualStudioVersion = 10.0.40219.1
Project("{8BC9CEB8-8B4A-11D0-8D11-00A0C91BC942}") = "WinToast", "WinToast.vcxproj", "{DFEEB8CF-1455-4701-8ABD-FDE6945D0D38}"
EndProject
Global
	GlobalSection(SolutionConfigurationPlatforms) = preSolution
		Debug|x64 = Debug|x64
		Debug|x86 = Debug|x86
		Release|x64 = Release|x64
		Release|x86 = Release|x86
	EndGlobalSection
	GlobalSection(ProjectConfigurationPlatforms) = postSolution
		{DFEEB8CF-1455-4701-8ABD-FDE6945D0D38}.Debug|x64.ActiveCfg = Debug|x64
		{DFEEB8CF-1455-4701-8ABD-FDE6945D0D38}.Debug|x64.Build.0 = Debug|x64
		{DFEEB8CF-1455-4701-8ABD-FDE6945D0D38}.Debug|x86.ActiveCfg = Debug|Win32
		{DFEEB8CF-1455-4701-8ABD-FDE6945D0D38}.Debug|x86.Build.0 = Debug|Win32
		{DFEEB8CF-1455-4701-8ABD-FDE6945D0D38}.Release|x64.ActiveCfg = Release|x64
		{DFEEB8CF-1455-4701-8ABD-FDE6945D0D38}.Release|x64.Build.0 = Release|x64
		{DFEEB8CF-1455-4701-8ABD-FDE6945D0D38}.Release|x86.ActiveCfg = Release|Win32
		{DFEEB8CF-1455-4701-8ABD-FDE6945D0D38}.Release|x86.Build.0 = Release|Win32
	EndGlobalSection
	GlobalSection(SolutionProperties) = preSolution
		HideSolutionNode = FALSE
	EndGlobalSection
	GlobalSection(ExtensibilityGlobals) = postSolution
		SolutionGuid = {23EFA14D-C50C-4348-806A-9999A395CACA}
	EndGlobalSection
EndGlobal
